
Microsoft Visual Studio Solution File, Format Version 12.00
# Visual Studio Version 16
VisualStudioVersion = 16.0.31624.102
MinimumVisualStudioVersion = 10.0.40219.1
Project("{FAE04EC0-301F-11D3-BF4B-00C04F79EFBC}") = "GenericRepository", "GenericRepository\GenericRepository.csproj", "{90BE6539-DC6A-47A3-98EE-29D90E63419D}"
EndProject
Global
	GlobalSection(SolutionConfigurationPlatforms) = preSolution
		Debug|Any CPU = Debug|Any CPU
		Release|Any CPU = Release|Any CPU
	EndGlobalSection
	GlobalSection(ProjectConfigurationPlatforms) = postSolution
		{90BE6539-DC6A-47A3-98EE-29D90E63419D}.Debug|Any CPU.ActiveCfg = Debug|Any CPU
		{90BE6539-DC6A-47A3-98EE-29D90E63419D}.Debug|Any CPU.Build.0 = Debug|Any CPU
		{90BE6539-DC6A-47A3-98EE-29D90E63419D}.Release|Any CPU.ActiveCfg = Release|Any CPU
		{90BE6539-DC6A-47A3-98EE-29D90E63419D}.Release|Any CPU.Build.0 = Release|Any CPU
	EndGlobalSection
	GlobalSection(SolutionProperties) = preSolution
		HideSolutionNode = FALSE
	EndGlobalSection
	GlobalSection(ExtensibilityGlobals) = postSolution
		SolutionGuid = {68A8BD82-FAB5-4769-92E7-074934FA8664}
	EndGlobalSection
EndGlobal
